
Microsoft Visual Studio Solution File, Format Version 12.00
# Visual Studio Version 17
VisualStudioVersion = 17.0.32014.148
MinimumVisualStudioVersion = 10.0.40219.1
Project("{FAE04EC0-301F-11D3-BF4B-00C04F79EFBC}") = "macros_remover_win", "macros_remover_win.csproj", "{AE691EBA-ED21-4D51-ABE9-29E2082D48C2}"
EndProject
Global
	GlobalSection(SolutionConfigurationPlatforms) = preSolution
		Debug|Any CPU = Debug|Any CPU
		Debug|x86 = Debug|x86
		Release|Any CPU = Release|Any CPU
		Release|x86 = Release|x86
	EndGlobalSection
	GlobalSection(ProjectConfigurationPlatforms) = postSolution
		{AE691EBA-ED21-4D51-ABE9-29E2082D48C2}.Debug|Any CPU.ActiveCfg = Debug|Any CPU
		{AE691EBA-ED21-4D51-ABE9-29E2082D48C2}.Debug|Any CPU.Build.0 = Debug|Any CPU
		{AE691EBA-ED21-4D51-ABE9-29E2082D48C2}.Debug|x86.ActiveCfg = Debug|x86
		{AE691EBA-ED21-4D51-ABE9-29E2082D48C2}.Debug|x86.Build.0 = Debug|x86
		{AE691EBA-ED21-4D51-ABE9-29E2082D48C2}.Release|Any CPU.ActiveCfg = Release|Any CPU
		{AE691EBA-ED21-4D51-ABE9-29E2082D48C2}.Release|Any CPU.Build.0 = Release|Any CPU
		{AE691EBA-ED21-4D51-ABE9-29E2082D48C2}.Release|x86.ActiveCfg = Release|x86
		{AE691EBA-ED21-4D51-ABE9-29E2082D48C2}.Release|x86.Build.0 = Release|x86
	EndGlobalSection
	GlobalSection(SolutionProperties) = preSolution
		HideSolutionNode = FALSE
	EndGlobalSection
	GlobalSection(ExtensibilityGlobals) = postSolution
		SolutionGuid = {726E6BD3-D721-4953-8759-6882B5FC53A8}
	EndGlobalSection
EndGlobal
